Microsoft Visual Studio Solution File, Format Version 12.00
# Visual Studio Version 16
VisualStudioVersion = 16.0.32510.428
MinimumVisualStudioVersion = 15.0.26124.0
Project("{9A19103F-16F7-4668-BE54-9A1E7A4F7556}") = "Class1.Client", "Client\Class1.Client.csproj", "{09CD016B-E8CA-4709-9B3D-B068948086D7}"
EndProject
Project("{9A19103F-16F7-4668-BE54-9A1E7A4F7556}") = "Class1.Server", "Server\Class1.Server.csproj", "{ABA70E16-5716-48A0-B3A1-716B82FAC8BD}"
EndProject
Global
	GlobalSection(SolutionConfigurationPlatforms) = preSolution
		Debug|Any CPU = Debug|Any CPU
		Release|Any CPU = Release|Any CPU
	EndGlobalSection
	GlobalSection(ProjectConfigurationPlatforms) = postSolution
		{09CD016B-E8CA-4709-9B3D-B068948086D7}.Debug|Any CPU.ActiveCfg = Debug|Any CPU
		{09CD016B-E8CA-4709-9B3D-B068948086D7}.Debug|Any CPU.Build.0 = Debug|Any CPU
		{09CD016B-E8CA-4709-9B3D-B068948086D7}.Release|Any CPU.ActiveCfg = Release|Any CPU
		{09CD016B-E8CA-4709-9B3D-B068948086D7}.Release|Any CPU.Build.0 = Release|Any CPU
		{ABA70E16-5716-48A0-B3A1-716B82FAC8BD}.Debug|Any CPU.ActiveCfg = Debug|Any CPU
		{ABA70E16-5716-48A0-B3A1-716B82FAC8BD}.Debug|Any CPU.Build.0 = Debug|Any CPU
		{ABA70E16-5716-48A0-B3A1-716B82FAC8BD}.Release|Any CPU.ActiveCfg = Release|Any CPU
		{ABA70E16-5716-48A0-B3A1-716B82FAC8BD}.Release|Any CPU.Build.0 = Release|Any CPU
	EndGlobalSection
	GlobalSection(SolutionProperties) = preSolution
		HideSolutionNode = FALSE
	EndGlobalSection
	GlobalSection(ExtensibilityGlobals) = postSolution
		SolutionGuid = {27A61AA6-7474-470F-BE98-11ABF340EAE1}
	EndGlobalSection
EndGlobal
